
Microsoft Visual Studio Solution File, Format Version 12.00
# Visual Studio Version 16
VisualStudioVersion = 16.0.30804.86
MinimumVisualStudioVersion = 10.0.40219.1
Project("{FAE04EC0-301F-11D3-BF4B-00C04F79EFBC}") = "GameShop(EntityFramework,WPF)", "GameShop(EntityFramework,WPF)\GameShop(EntityFramework,WPF).csproj", "{7A40EE66-55BE-44ED-B6FA-27D9C17094E1}"
EndProject
Global
	GlobalSection(SolutionConfigurationPlatforms) = preSolution
		Debug|Any CPU = Debug|Any CPU
		Release|Any CPU = Release|Any CPU
	EndGlobalSection
	GlobalSection(ProjectConfigurationPlatforms) = postSolution
		{7A40EE66-55BE-44ED-B6FA-27D9C17094E1}.Debug|Any CPU.ActiveCfg = Debug|Any CPU
		{7A40EE66-55BE-44ED-B6FA-27D9C17094E1}.Debug|Any CPU.Build.0 = Debug|Any CPU
		{7A40EE66-55BE-44ED-B6FA-27D9C17094E1}.Release|Any CPU.ActiveCfg = Release|Any CPU
		{7A40EE66-55BE-44ED-B6FA-27D9C17094E1}.Release|Any CPU.Build.0 = Release|Any CPU
	EndGlobalSection
	GlobalSection(SolutionProperties) = preSolution
		HideSolutionNode = FALSE
	EndGlobalSection
	GlobalSection(ExtensibilityGlobals) = postSolution
		SolutionGuid = {E830945E-544F-400F-8541-748D7BF0BCA3}
	EndGlobalSection
EndGlobal
